// !$*UTF8*$!
{
	archiveVersion = 1;
	classes = {
	};
	objectVersion = 50;
	objects = {

/* Begin PBXBuildFile section */
		D0EBFC01264F2C3100B8D50B /* AppDelegate.swift in Sources */ = {isa = PBXBuildFile; fileRef = D0EBFC00264F2C3100B8D50B /* AppDelegate.swift */; };
		D0EBFC03264F2C3100B8D50B /* SceneDelegate.swift in Sources */ = {isa = PBXBuildFile; fileRef = D0EBFC02264F2C3100B8D50B /* SceneDelegate.swift */; };
		D0EBFC05264F2C3100B8D50B /* ViewController.swift in Sources */ = {isa = PBXBuildFile; fileRef = D0EBFC04264F2C3100B8D50B /* ViewController.swift */; };
		D0EBFC08264F2C3100B8D50B /* Main.storyboard in Resources */ = {isa = PBXBuildFile; fileRef = D0EBFC06264F2C3100B8D50B /* Main.storyboard */; };
		D0EBFC0A264F2C3A00B8D50B /* Assets.xcassets in Resources */ = {isa = PBXBuildFile; fileRef = D0EBFC09264F2C3A00B8D50B /* Assets.xcassets */; };
		D0EBFC0D264F2C3A00B8D50B /* LaunchScreen.storyboard in Resources */ = {isa = PBXBuildFile; fileRef = D0EBFC0B264F2C3A00B8D50B /* LaunchScreen.storyboard */; };
		D0EBFC18264F2C3A00B8D50B /* PhotoMasterTests.swift in Sources */ = {isa = PBXBuildFile; fileRef = D0EBFC17264F2C3A00B8D50B /* PhotoMasterTests.swift */; };
		D0EBFC23264F2C3A00B8D50B /* PhotoMasterUITests.swift in Sources */ = {isa = PBXBuildFile; fileRef = D0EBFC22264F2C3A00B8D50B /* PhotoMasterUITests.swift */; };
/* End PBXBuildFile section */

/* Begin PBXContainerItemProxy section */
		D0EBFC14264F2C3A00B8D50B /* PBXContainerItemProxy */ = {
			isa = PBXContainerItemProxy;
			containerPortal = D0EBFBF5264F2C3100B8D50B /* Project object */;
			proxyType = 1;
			remoteGlobalIDString = D0EBFBFC264F2C3100B8D50B;
			remoteInfo = PhotoMaster;
		};
		D0EBFC1F264F2C3A00B8D50B /* PBXContainerItemProxy */ = {
			isa = PBXContainerItemProxy;
			containerPortal = D0EBFBF5264F2C3100B8D50B /* Project object */;
			proxyType = 1;
			remoteGlobalIDString = D0EBFBFC264F2C3100B8D50B;
			remoteInfo = PhotoMaster;
		};
/* End PBXContainerItemProxy section */

/* Begin PBXFileReference section */
		D0EBFBFD264F2C3100B8D50B /* PhotoMaster.app */ = {isa = PBXFileReference; explicitFileType = wrapper.application; includeInIndex = 0; path = PhotoMaster.app; sourceTree = BUILT_PRODUCTS_DIR; };
		D0EBFC00264F2C3100B8D50B /* AppDelegate.swift */ = {isa = PBXFileReference; lastKnownFileType = sourcecode.swift; path = AppDelegate.swift; sourceTree = "<group>"; };
		D0EBFC02264F2C3100B8D50B /* SceneDelegate.swift */ = {isa = PBXFileReference; lastKnownFileType = sourcecode.swift; path = SceneDelegate.swift; sourceTree = "<group>"; };
		D0EBFC04264F2C3100B8D50B /* ViewController.swift */ = {isa = PBXFileReference; lastKnownFileType = sourcecode.swift; path = ViewController.swift; sourceTree = "<group>"; };
		D0EBFC07264F2C3100B8D50B /* Base */ = {isa = PBXFileReference; lastKnownFileType = file.storyboard; name = Base; path = Base.lproj/Main.storyboard; sourceTree = "<group>"; };
		D0EBFC09264F2C3A00B8D50B /* Assets.xcassets */ = {isa = PBXFileReference; lastKnownFileType = folder.assetcatalog; path = Assets.xcassets; sourceTree = "<group>"; };
		D0EBFC0C264F2C3A00B8D50B /* Base */ = {isa = PBXFileReference; lastKnownFileType = file.storyboard; name = Base; path = Base.lproj/LaunchScreen.storyboard; sourceTree = "<group>"; };
		D0EBFC0E264F2C3A00B8D50B /* Info.plist */ = {isa = PBXFileReference; lastKnownFileType = text.plist.xml; path = Info.plist; sourceTree = "<group>"; };
		D0EBFC13264F2C3A00B8D50B /* PhotoMasterTests.xctest */ = {isa = PBXFileReference; explicitFileType = wrapper.cfbundle; includeInIndex = 0; path = PhotoMasterTests.xctest; sourceTree = BUILT_PRODUCTS_DIR; };
		D0EBFC17264F2C3A00B8D50B /* PhotoMasterTests.swift */ = {isa = PBXFileReference; lastKnownFileType = sourcecode.swift; path = PhotoMasterTests.swift; sourceTree = "<group>"; };
		D0EBFC19264F2C3A00B8D50B /* Info.plist */ = {isa = PBXFileReference; lastKnownFileType = text.plist.xml; path = Info.plist; sourceTree = "<group>"; };
		D0EBFC1E264F2C3A00B8D50B /* PhotoMasterUITests.xctest */ = {isa = PBXFileReference; explicitFileType = wrapper.cfbundle; includeInIndex = 0; path = PhotoMasterUITests.xctest; sourceTree = BUILT_PRODUCTS_DIR; };
		D0EBFC22264F2C3A00B8D50B /* PhotoMasterUITests.swift */ = {isa = PBXFileReference; lastKnownFileType = sourcecode.swift; path = PhotoMasterUITests.swift; sourceTree = "<group>"; };
		D0EBFC24264F2C3A00B8D50B /* Info.plist */ = {isa = PBXFileReference; lastKnownFileType = text.plist.xml; path = Info.plist; sourceTree = "<group>"; };
/* End PBXFileReference section */

/* Begin PBXFrameworksBuildPhase section */
		D0EBFBFA264F2C3100B8D50B /* Frameworks */ = {
			isa = PBXFrameworksBuildPhase;
			buildActionMask = 2147483647;
			files = (
			);
			runOnlyForDeploymentPostprocessing = 0;
		};
		D0EBFC10264F2C3A00B8D50B /* Frameworks */ = {
			isa = PBXFrameworksBuildPhase;
			buildActionMask = 2147483647;
			files = (
			);
			runOnlyForDeploymentPostprocessing = 0;
		};
		D0EBFC1B264F2C3A00B8D50B /* Frameworks */ = {
			isa = PBXFrameworksBuildPhase;
			buildActionMask = 2147483647;
			files = (
			);
			runOnlyForDeploymentPostprocessing = 0;
		};
/* End PBXFrameworksBuildPhase section */

/* Begin PBXGroup section */
		D0EBFBF4264F2C3100B8D50B = {
			isa = PBXGroup;
			children = (
				D0EBFBFF264F2C3100B8D50B /* PhotoMaster */,
				D0EBFC16264F2C3A00B8D50B /* PhotoMasterTests */,
				D0EBFC21264F2C3A00B8D50B /* PhotoMasterUITests */,
				D0EBFBFE264F2C3100B8D50B /* Products */,
			);
			sourceTree = "<group>";
		};
		D0EBFBFE264F2C3100B8D50B /* Products */ = {
			isa = PBXGroup;
			children = (
				D0EBFBFD264F2C3100B8D50B /* PhotoMaster.app */,
				D0EBFC13264F2C3A00B8D50B /* PhotoMasterTests.xctest */,
				D0EBFC1E264F2C3A00B8D50B /* PhotoMasterUITests.xctest */,
			);
			name = Products;
			sourceTree = "<group>";
		};
		D0EBFBFF264F2C3100B8D50B /* PhotoMaster */ = {
			isa = PBXGroup;
			children = (
				D0EBFC00264F2C3100B8D50B /* AppDelegate.swift */,
				D0EBFC02264F2C3100B8D50B /* SceneDelegate.swift */,
				D0EBFC04264F2C3100B8D50B /* ViewController.swift */,
				D0EBFC06264F2C3100B8D50B /* Main.storyboard */,
				D0EBFC09264F2C3A00B8D50B /* Assets.xcassets */,
				D0EBFC0B264F2C3A00B8D50B /* LaunchScreen.storyboard */,
				D0EBFC0E264F2C3A00B8D50B /* Info.plist */,
			);
			path = PhotoMaster;
			sourceTree = "<group>";
		};
		D0EBFC16264F2C3A00B8D50B /* PhotoMasterTests */ = {
			isa = PBXGroup;
			children = (
				D0EBFC17264F2C3A00B8D50B /* PhotoMasterTests.swift */,
				D0EBFC19264F2C3A00B8D50B /* Info.plist */,
			);
			path = PhotoMasterTests;
			sourceTree = "<group>";
		};
		D0EBFC21264F2C3A00B8D50B /* PhotoMasterUITests */ = {
			isa = PBXGroup;
			children = (
				D0EBFC22264F2C3A00B8D50B /* PhotoMasterUITests.swift */,
				D0EBFC24264F2C3A00B8D50B /* Info.plist */,
			);
			path = PhotoMasterUITests;
			sourceTree = "<group>";
		};
/* End PBXGroup section */

/* Begin PBXNativeTarget section */
		D0EBFBFC264F2C3100B8D50B /* PhotoMaster */ = {
			isa = PBXNativeTarget;
			buildConfigurationList = D0EBFC27264F2C3A00B8D50B /* Build configuration list for PBXNativeTarget "PhotoMaster" */;
			buildPhases = (
				D0EBFBF9264F2C3100B8D50B /* Sources */,
				D0EBFBFA264F2C3100B8D50B /* Frameworks */,
				D0EBFBFB264F2C3100B8D50B /* Resources */,
			);
			buildRules = (
			);
			dependencies = (
			);
			name = PhotoMaster;
			productName = PhotoMaster;
			productReference = D0EBFBFD264F2C3100B8D50B /* PhotoMaster.app */;
			productType = "com.apple.product-type.application";
		};
		D0EBFC12264F2C3A00B8D50B /* PhotoMasterTests */ = {
			isa = PBXNativeTarget;
			buildConfigurationList = D0EBFC2A264F2C3A00B8D50B /* Build configuration list for PBXNativeTarget "PhotoMasterTests" */;
			buildPhases = (
				D0EBFC0F264F2C3A00B8D50B /* Sources */,
				D0EBFC10264F2C3A00B8D50B /* Frameworks */,
				D0EBFC11264F2C3A00B8D50B /* Resources */,
			);
			buildRules = (
			);
			dependencies = (
				D0EBFC15264F2C3A00B8D50B /* PBXTargetDependency */,
			);
			name = PhotoMasterTests;
			productName = PhotoMasterTests;
			productReference = D0EBFC13264F2C3A00B8D50B /* PhotoMasterTests.xctest */;
			productType = "com.apple.product-type.bundle.unit-test";
		};
		D0EBFC1D264F2C3A00B8D50B /* PhotoMasterUITests */ = {
			isa = PBXNativeTarget;
			buildConfigurationList = D0EBFC2D264F2C3A00B8D50B /* Build configuration list for PBXNativeTarget "PhotoMasterUITests" */;
			buildPhases = (
				D0EBFC1A264F2C3A00B8D50B /* Sources */,
				D0EBFC1B264F2C3A00B8D50B /* Frameworks */,
				D0EBFC1C264F2C3A00B8D50B /* Resources */,
			);
			buildRules = (
			);
			dependencies = (
				D0EBFC20264F2C3A00B8D50B /* PBXTargetDependency */,
			);
			name = PhotoMasterUITests;
			productName = PhotoMasterUITests;
			productReference = D0EBFC1E264F2C3A00B8D50B /* PhotoMasterUITests.xctest */;
			productType = "com.apple.product-type.bundle.ui-testing";
		};
/* End PBXNativeTarget section */

/* Begin PBXProject section */
		D0EBFBF5264F2C3100B8D50B /* Project object */ = {
			isa = PBXProject;
			attributes = {
				LastSwiftUpdateCheck = 1250;
				LastUpgradeCheck = 1250;
				TargetAttributes = {
					D0EBFBFC264F2C3100B8D50B = {
						CreatedOnToolsVersion = 12.5;
					};
					D0EBFC12264F2C3A00B8D50B = {
						CreatedOnToolsVersion = 12.5;
						TestTargetID = D0EBFBFC264F2C3100B8D50B;
					};
					D0EBFC1D264F2C3A00B8D50B = {
						CreatedOnToolsVersion = 12.5;
						TestTargetID = D0EBFBFC264F2C3100B8D50B;
					};
				};
			};
			buildConfigurationList = D0EBFBF8264F2C3100B8D50B /* Build configuration list for PBXProject "PhotoMaster" */;
			compatibilityVersion = "Xcode 9.3";
			developmentRegion = en;
			hasScannedForEncodings = 0;
			knownRegions = (
				en,
				Base,
			);
			mainGroup = D0EBFBF4264F2C3100B8D50B;
			productRefGroup = D0EBFBFE264F2C3100B8D50B /* Products */;
			projectDirPath = "";
			projectRoot = "";
			targets = (
				D0EBFBFC264F2C3100B8D50B /* PhotoMaster */,
				D0EBFC12264F2C3A00B8D50B /* PhotoMasterTests */,
				D0EBFC1D264F2C3A00B8D50B /* PhotoMasterUITests */,
			);
		};
/* End PBXProject section */

/* Begin PBXResourcesBuildPhase section */
		D0EBFBFB264F2C3100B8D50B /* Resources */ = {
			isa = PBXResourcesBuildPhase;
			buildActionMask = 2147483647;
			files = (
				D0EBFC0D264F2C3A00B8D50B /* LaunchScreen.storyboard in Resources */,
				D0EBFC0A264F2C3A00B8D50B /* Assets.xcassets in Resources */,
				D0EBFC08264F2C3100B8D50B /* Main.storyboard in Resources */,
			);
			runOnlyForDeploymentPostprocessing = 0;
		};
		D0EBFC11264F2C3A00B8D50B /* Resources */ = {
			isa = PBXResourcesBuildPhase;
			buildActionMask = 2147483647;
			files = (
			);
			runOnlyForDeploymentPostprocessing = 0;
		};
		D0EBFC1C264F2C3A00B8D50B /* Resources */ = {
			isa = PBXResourcesBuildPhase;
			buildActionMask = 2147483647;
			files = (
			);
			runOnlyForDeploymentPostprocessing = 0;
		};
/* End PBXResourcesBuildPhase section */

/* Begin PBXSourcesBuildPhase section */
		D0EBFBF9264F2C3100B8D50B /* Sources */ = {
			isa = PBXSourcesBuildPhase;
			buildActionMask = 2147483647;
			files = (
				D0EBFC05264F2C3100B8D50B /* ViewController.swift in Sources */,
				D0EBFC01264F2C3100B8D50B /* AppDelegate.swift in Sources */,
				D0EBFC03264F2C3100B8D50B /* SceneDelegate.swift in Sources */,
			);
			runOnlyForDeploymentPostprocessing = 0;
		};
		D0EBFC0F264F2C3A00B8D50B /* Sources */ = {
			isa = PBXSourcesBuildPhase;
			buildActionMask = 2147483647;
			files = (
				D0EBFC18264F2C3A00B8D50B /* PhotoMasterTests.swift in Sources */,
			);
			runOnlyForDeploymentPostprocessing = 0;
		};
		D0EBFC1A264F2C3A00B8D50B /* Sources */ = {
			isa = PBXSourcesBuildPhase;
			buildActionMask = 2147483647;
			files = (
				D0EBFC23264F2C3A00B8D50B /* PhotoMasterUITests.swift in Sources */,
			);
			runOnlyForDeploymentPostprocessing = 0;
		};
/* End PBXSourcesBuildPhase section */

/* Begin PBXTargetDependency section */
		D0EBFC15264F2C3A00B8D50B /* PBXTargetDependency */ = {
			isa = PBXTargetDependency;
			target = D0EBFBFC264F2C3100B8D50B /* PhotoMaster */;
			targetProxy = D0EBFC14264F2C3A00B8D50B /* PBXContainerItemProxy */;
		};
		D0EBFC20264F2C3A00B8D50B /* PBXTargetDependency */ = {
			isa = PBXTargetDependency;
			target = D0EBFBFC264F2C3100B8D50B /* PhotoMaster */;
			targetProxy = D0EBFC1F264F2C3A00B8D50B /* PBXContainerItemProxy */;
		};
/* End PBXTargetDependency section */

/* Begin PBXVariantGroup section */
		D0EBFC06264F2C3100B8D50B /* Main.storyboard */ = {
			isa = PBXVariantGroup;
			children = (
				D0EBFC07264F2C3100B8D50B /* Base */,
			);
			name = Main.storyboard;
			sourceTree = "<group>";
		};
		D0EBFC0B264F2C3A00B8D50B /* LaunchScreen.storyboard */ = {
			isa = PBXVariantGroup;
			children = (
				D0EBFC0C264F2C3A00B8D50B /* Base */,
			);
			name = LaunchScreen.storyboard;
			sourceTree = "<group>";
		};
/* End PBXVariantGroup section */

/* Begin XCBuildConfiguration section */
		D0EBFC25264F2C3A00B8D50B /* Debug */ = {
			isa = XCBuildConfiguration;
			buildSettings = {
				ALWAYS_SEARCH_USER_PATHS = NO;
				CLANG_ANALYZER_NONNULL = YES;
				CLANG_ANALYZER_NUMBER_OBJECT_CONVERSION = YES_AGGRESSIVE;
				CLANG_CXX_LANGUAGE_STANDARD = "gnu++14";
				CLANG_CXX_LIBRARY = "libc++";
				CLANG_ENABLE_MODULES = YES;
				CLANG_ENABLE_OBJC_ARC = YES;
				CLANG_ENABLE_OBJC_WEAK = YES;
				CLANG_WARN_BLOCK_CAPTURE_AUTORELEASING = YES;
				CLANG_WARN_BOOL_CONVERSION = YES;
				CLANG_WARN_COMMA = YES;
				CLANG_WARN_CONSTANT_CONVERSION = YES;
				CLANG_WARN_DEPRECATED_OBJC_IMPLEMENTATIONS = YES;
				CLANG_WARN_DIRECT_OBJC_ISA_USAGE = YES_ERROR;
				CLANG_WARN_DOCUMENTATION_COMMENTS = YES;
				CLANG_WARN_EMPTY_BODY = YES;
				CLANG_WARN_ENUM_CONVERSION = YES;
				CLANG_WARN_INFINITE_RECURSION = YES;
				CLANG_WARN_INT_CONVERSION = YES;
				CLANG_WARN_NON_LITERAL_NULL_CONVERSION = YES;
				CLANG_WARN_OBJC_IMPLICIT_RETAIN_SELF = YES;
				CLANG_WARN_OBJC_LITERAL_CONVERSION = YES;
				CLANG_WARN_OBJC_ROOT_CLASS = YES_ERROR;
				CLANG_WARN_QUOTED_INCLUDE_IN_FRAMEWORK_HEADER = YES;
				CLANG_WARN_RANGE_LOOP_ANALYSIS = YES;
				CLANG_WARN_STRICT_PROTOTYPES = YES;
				CLANG_WARN_SUSPICIOUS_MOVE = YES;
				CLANG_WARN_UNGUARDED_AVAILABILITY = YES_AGGRESSIVE;
				CLANG_WARN_UNREACHABLE_CODE = YES;
				CLANG_WARN__DUPLICATE_METHOD_MATCH = YES;
				COPY_PHASE_STRIP = NO;
				DEBUG_INFORMATION_FORMAT = dwarf;
				ENABLE_STRICT_OBJC_MSGSEND = YES;
				ENABLE_TESTABILITY = YES;
				GCC_C_LANGUAGE_STANDARD = gnu11;
				GCC_DYNAMIC_NO_PIC = NO;
				GCC_NO_COMMON_BLOCKS = YES;
				GCC_OPTIMIZATION_LEVEL = 0;
				GCC_PREPROCESSOR_DEFINITIONS = (
					"DEBUG=1",
					"$(inherited)",
				);
				GCC_WARN_64_TO_32_BIT_CONVERSION = YES;
				GCC_WARN_ABOUT_RETURN_TYPE = YES_ERROR;
				GCC_WARN_UNDECLARED_SELECTOR = YES;
				GCC_WARN_UNINITIALIZED_AUTOS = YES_AGGRESSIVE;
				GCC_WARN_UNUSED_FUNCTION = YES;
				GCC_WARN_UNUSED_VARIABLE = YES;
				IPHONEOS_DEPLOYMENT_TARGET = 14.5;
				MTL_ENABLE_DEBUG_INFO = INCLUDE_SOURCE;
				MTL_FAST_MATH = YES;
				ONLY_ACTIVE_ARCH = YES;
				SDKROOT = iphoneos;
				SWIFT_ACTIVE_COMPILATION_CONDITIONS = DEBUG;
				SWIFT_OPTIMIZATION_LEVEL = "-Onone";
			};
			name = Debug;
		};
		D0EBFC26264F2C3A00B8D50B /* Release */ = {
			isa = XCBuildConfiguration;
			buildSettings = {
				ALWAYS_SEARCH_USER_PATHS = NO;
				CLANG_ANALYZER_NONNULL = YES;
				CLANG_ANALYZER_NUMBER_OBJECT_CONVERSION = YES_AGGRESSIVE;
				CLANG_CXX_LANGUAGE_STANDARD = "gnu++14";
				CLANG_CXX_LIBRARY = "libc++";
				CLANG_ENABLE_MODULES = YES;
				CLANG_ENABLE_OBJC_ARC = YES;
				CLANG_ENABLE_OBJC_WEAK = YES;
				CLANG_WARN_BLOCK_CAPTURE_AUTORELEASING = YES;
				CLANG_WARN_BOOL_CONVERSION = YES;
				CLANG_WARN_COMMA = YES;
				CLANG_WARN_CONSTANT_CONVERSION = YES;
				CLANG_WARN_DEPRECATED_OBJC_IMPLEMENTATIONS = YES;
				CLANG_WARN_DIRECT_OBJC_ISA_USAGE = YES_ERROR;
				CLANG_WARN_DOCUMENTATION_COMMENTS = YES;
				CLANG_WARN_EMPTY_BODY = YES;
				CLANG_WARN_ENUM_CONVERSION = YES;
				CLANG_WARN_INFINITE_RECURSION = YES;
				CLANG_WARN_INT_CONVERSION = YES;
				CLANG_WARN_NON_LITERAL_NULL_CONVERSION = YES;
				CLANG_WARN_OBJC_IMPLICIT_RETAIN_SELF = YES;
				CLANG_WARN_OBJC_LITERAL_CONVERSION = YES;
				CLANG_WARN_OBJC_ROOT_CLASS = YES_ERROR;
				CLANG_WARN_QUOTED_INCLUDE_IN_FRAMEWORK_HEADER = YES;
				CLANG_WARN_RANGE_LOOP_ANALYSIS = YES;
				CLANG_WARN_STRICT_PROTOTYPES = YES;
				CLANG_WARN_SUSPICIOUS_MOVE = YES;
				CLANG_WARN_UNGUARDED_AVAILABILITY = YES_AGGRESSIVE;
				CLANG_WARN_UNREACHABLE_CODE = YES;
				CLANG_WARN__DUPLICATE_METHOD_MATCH = YES;
				COPY_PHASE_STRIP = NO;
				DEBUG_INFORMATION_FORMAT = "dwarf-with-dsym";
				ENABLE_NS_ASSERTIONS = NO;
				ENABLE_STRICT_OBJC_MSGSEND = YES;
				GCC_C_LANGUAGE_STANDARD = gnu11;
				GCC_NO_COMMON_BLOCKS = YES;
				GCC_WARN_64_TO_32_BIT_CONVERSION = YES;
				GCC_WARN_ABOUT_RETURN_TYPE = YES_ERROR;
				GCC_WARN_UNDECLARED_SELECTOR = YES;
				GCC_WARN_UNINITIALIZED_AUTOS = YES_AGGRESSIVE;
				GCC_WARN_UNUSED_FUNCTION = YES;
				GCC_WARN_UNUSED_VARIABLE = YES;
				IPHONEOS_DEPLOYMENT_TARGET = 14.5;
				MTL_ENABLE_DEBUG_INFO = NO;
				MTL_FAST_MATH = YES;
				SDKROOT = iphoneos;
				SWIFT_COMPILATION_MODE = wholemodule;
				SWIFT_OPTIMIZATION_LEVEL = "-O";
				VALIDATE_PRODUCT = YES;
			};
			name = Release;
		};
		D0EBFC28264F2C3A00B8D50B /* Debug */ = {
			isa = XCBuildConfiguration;
			buildSettings = {
				ASSETCATALOG_COMPILER_APPICON_NAME = AppIcon;
				ASSETCATALOG_COMPILER_GLOBAL_ACCENT_COLOR_NAME = AccentColor;
				CODE_SIGN_STYLE = Automatic;
				INFOPLIST_FILE = PhotoMaster/Info.plist;
				LD_RUNPATH_SEARCH_PATHS = (
					"$(inherited)",
					"@executable_path/Frameworks",
				);
				PRODUCT_BUNDLE_IDENTIFIER = app.kubota.kubochan.PhotoMaster;
				PRODUCT_NAME = "$(TARGET_NAME)";
				SWIFT_VERSION = 5.0;
				TARGETED_DEVICE_FAMILY = "1,2";
			};
			name = Debug;
		};
		D0EBFC29264F2C3A00B8D50B /* Release */ = {
			isa = XCBuildConfiguration;
			buildSettings = {
				ASSETCATALOG_COMPILER_APPICON_NAME = AppIcon;
				ASSETCATALOG_COMPILER_GLOBAL_ACCENT_COLOR_NAME = AccentColor;
				CODE_SIGN_STYLE = Automatic;
				INFOPLIST_FILE = PhotoMaster/Info.plist;
				LD_RUNPATH_SEARCH_PATHS = (
					"$(inherited)",
					"@executable_path/Frameworks",
				);
				PRODUCT_BUNDLE_IDENTIFIER = app.kubota.kubochan.PhotoMaster;
				PRODUCT_NAME = "$(TARGET_NAME)";
				SWIFT_VERSION = 5.0;
				TARGETED_DEVICE_FAMILY = "1,2";
			};
			name = Release;
		};
		D0EBFC2B264F2C3A00B8D50B /* Debug */ = {
			isa = XCBuildConfiguration;
			buildSettings = {
				ALWAYS_EMBED_SWIFT_STANDARD_LIBRARIES = YES;
				BUNDLE_LOADER = "$(TEST_HOST)";
				CODE_SIGN_STYLE = Automatic;
				INFOPLIST_FILE = PhotoMasterTests/Info.plist;
				IPHONEOS_DEPLOYMENT_TARGET = 14.5;
				LD_RUNPATH_SEARCH_PATHS = (
					"$(inherited)",
					"@executable_path/Frameworks",
					"@loader_path/Frameworks",
				);
				PRODUCT_BUNDLE_IDENTIFIER = app.kubota.kubochan.PhotoMasterTests;
				PRODUCT_NAME = "$(TARGET_NAME)";
				SWIFT_VERSION = 5.0;
				TARGETED_DEVICE_FAMILY = "1,2";
				TEST_HOST = "$(BUILT_PRODUCTS_DIR)/PhotoMaster.app/PhotoMaster";
			};
			name = Debug;
		};
		D0EBFC2C264F2C3A00B8D50B /* Release */ = {
			isa = XCBuildConfiguration;
			buildSettings = {
				ALWAYS_EMBED_SWIFT_STANDARD_LIBRARIES = YES;
				BUNDLE_LOADER = "$(TEST_HOST)";
				CODE_SIGN_STYLE = Automatic;
				INFOPLIST_FILE = PhotoMasterTests/Info.plist;
				IPHONEOS_DEPLOYMENT_TARGET = 14.5;
				LD_RUNPATH_SEARCH_PATHS = (
					"$(inherited)",
					"@executable_path/Frameworks",
					"@loader_path/Frameworks",
				);
				PRODUCT_BUNDLE_IDENTIFIER = app.kubota.kubochan.PhotoMasterTests;
				PRODUCT_NAME = "$(TARGET_NAME)";
				SWIFT_VERSION = 5.0;
				TARGETED_DEVICE_FAMILY = "1,2";
				TEST_HOST = "$(BUILT_PRODUCTS_DIR)/PhotoMaster.app/PhotoMaster";
			};
			name = Release;
		};
		D0EBFC2E264F2C3A00B8D50B /* Debug */ = {
			isa = XCBuildConfiguration;
			buildSettings = {
				ALWAYS_EMBED_SWIFT_STANDARD_LIBRARIES = YES;
				CODE_SIGN_STYLE = Automatic;
				INFOPLIST_FILE = PhotoMasterUITests/Info.plist;
				LD_RUNPATH_SEARCH_PATHS = (
					"$(inherited)",
					"@executable_path/Frameworks",
					"@loader_path/Frameworks",
				);
				PRODUCT_BUNDLE_IDENTIFIER = app.kubota.kubochan.PhotoMasterUITests;
				PRODUCT_NAME = "$(TARGET_NAME)";
				SWIFT_VERSION = 5.0;
				TARGETED_DEVICE_FAMILY = "1,2";
				TEST_TARGET_NAME = PhotoMaster;
			};
			name = Debug;
		};
		D0EBFC2F264F2C3A00B8D50B /* Release */ = {
			isa = XCBuildConfiguration;
			buildSettings = {
				ALWAYS_EMBED_SWIFT_STANDARD_LIBRARIES = YES;
				CODE_SIGN_STYLE = Automatic;
				INFOPLIST_FILE = PhotoMasterUITests/Info.plist;
				LD_RUNPATH_SEARCH_PATHS = (
					"$(inherited)",
					"@executable_path/Frameworks",
					"@loader_path/Frameworks",
				);
				PRODUCT_BUNDLE_IDENTIFIER = app.kubota.kubochan.PhotoMasterUITests;
				PRODUCT_NAME = "$(TARGET_NAME)";
				SWIFT_VERSION = 5.0;
				TARGETED_DEVICE_FAMILY = "1,2";
				TEST_TARGET_NAME = PhotoMaster;
			};
			name = Release;
		};
/* End XCBuildConfiguration section */

/* Begin XCConfigurationList section */
		D0EBFBF8264F2C3100B8D50B /* Build configuration list for PBXProject "PhotoMaster" */ = {
			isa = XCConfigurationList;
			buildConfigurations = (
				D0EBFC25264F2C3A00B8D50B /* Debug */,
				D0EBFC26264F2C3A00B8D50B /* Release */,
			);
			defaultConfigurationIsVisible = 0;
			defaultConfigurationName = Release;
		};
		D0EBFC27264F2C3A00B8D50B /* Build configuration list for PBXNativeTarget "PhotoMaster" */ = {
			isa = XCConfigurationList;
			buildConfigurations = (
				D0EBFC28264F2C3A00B8D50B /* Debug */,
				D0EBFC29264F2C3A00B8D50B /* Release */,
			);
			defaultConfigurationIsVisible = 0;
			defaultConfigurationName = Release;
		};
		D0EBFC2A264F2C3A00B8D50B /* Build configuration list for PBXNativeTarget "PhotoMasterTests" */ = {
			isa = XCConfigurationList;
			buildConfigurations = (
				D0EBFC2B264F2C3A00B8D50B /* Debug */,
				D0EBFC2C264F2C3A00B8D50B /* Release */,
			);
			defaultConfigurationIsVisible = 0;
			defaultConfigurationName = Release;
		};
		D0EBFC2D264F2C3A00B8D50B /* Build configuration list for PBXNativeTarget "PhotoMasterUITests" */ = {
			isa = XCConfigurationList;
			buildConfigurations = (
				D0EBFC2E264F2C3A00B8D50B /* Debug */,
				D0EBFC2F264F2C3A00B8D50B /* Release */,
			);
			defaultConfigurationIsVisible = 0;
			defaultConfigurationName = Release;
		};
/* End XCConfigurationList section */
	};
	rootObject = D0EBFBF5264F2C3100B8D50B /* Project object */;
}
